
Microsoft Visual Studio Solution File, Format Version 12.00
# Visual Studio Version 17
VisualStudioVersion = 17.9.34728.123
MinimumVisualStudioVersion = 10.0.40219.1
Project("{FAE04EC0-301F-11D3-BF4B-00C04F79EFBC}") = "Gymnasium", "Gymnasium.csproj", "{2F1CD29E-7C3A-4464-ACF3-1C8E646FA5FC}"
EndProject
Project("{FAE04EC0-301F-11D3-BF4B-00C04F79EFBC}") = "GymnasiumDataAccess", "GymnasiumDataAccess\GymnasiumDataAccess.csproj", "{2931246F-4139-4A1A-8A89-12FB4B0AE687}"
EndProject
Project("{FAE04EC0-301F-11D3-BF4B-00C04F79EFBC}") = "GymnasiumLogicLayer", "GymnasiumLogicLayer\GymnasiumLogicLayer.csproj", "{EB775635-EC2D-4950-B0D0-FBCE74509B0D}"
EndProject
Global
	GlobalSection(SolutionConfigurationPlatforms) = preSolution
		Debug|Any CPU = Debug|Any CPU
		Release|Any CPU = Release|Any CPU
	EndGlobalSection
	GlobalSection(ProjectConfigurationPlatforms) = postSolution
		{2F1CD29E-7C3A-4464-ACF3-1C8E646FA5FC}.Debug|Any CPU.ActiveCfg = Debug|Any CPU
		{2F1CD29E-7C3A-4464-ACF3-1C8E646FA5FC}.Debug|Any CPU.Build.0 = Debug|Any CPU
		{2F1CD29E-7C3A-4464-ACF3-1C8E646FA5FC}.Release|Any CPU.ActiveCfg = Release|Any CPU
		{2F1CD29E-7C3A-4464-ACF3-1C8E646FA5FC}.Release|Any CPU.Build.0 = Release|Any CPU
		{2931246F-4139-4A1A-8A89-12FB4B0AE687}.Debug|Any CPU.ActiveCfg = Debug|Any CPU
		{2931246F-4139-4A1A-8A89-12FB4B0AE687}.Debug|Any CPU.Build.0 = Debug|Any CPU
		{2931246F-4139-4A1A-8A89-12FB4B0AE687}.Release|Any CPU.ActiveCfg = Release|Any CPU
		{2931246F-4139-4A1A-8A89-12FB4B0AE687}.Release|Any CPU.Build.0 = Release|Any CPU
		{EB775635-EC2D-4950-B0D0-FBCE74509B0D}.Debug|Any CPU.ActiveCfg = Debug|Any CPU
		{EB775635-EC2D-4950-B0D0-FBCE74509B0D}.Debug|Any CPU.Build.0 = Debug|Any CPU
		{EB775635-EC2D-4950-B0D0-FBCE74509B0D}.Release|Any CPU.ActiveCfg = Release|Any CPU
		{EB775635-EC2D-4950-B0D0-FBCE74509B0D}.Release|Any CPU.Build.0 = Release|Any CPU
	EndGlobalSection
	GlobalSection(SolutionProperties) = preSolution
		HideSolutionNode = FALSE
	EndGlobalSection
	GlobalSection(ExtensibilityGlobals) = postSolution
		SolutionGuid = {83BD0D5C-8748-4EB7-983D-47E5C2FC57EF}
	EndGlobalSection
EndGlobal
